
Microsoft Visual Studio Solution File, Format Version 12.00
# Visual Studio Version 17
VisualStudioVersion = 17.6.33829.357
MinimumVisualStudioVersion = 10.0.40219.1
Project("{FAE04EC0-301F-11D3-BF4B-00C04F79EFBC}") = "SocialNetwork.Business", "SocialNetwork.Business\SocialNetwork.Business.csproj", "{28EC636A-B1E7-46FD-AD0D-54DAB88D67CA}"
EndProject
Project("{FAE04EC0-301F-11D3-BF4B-00C04F79EFBC}") = "SocialNetwork.Core", "SocialNetwork.Core\SocialNetwork.Core.csproj", "{517D3C2E-0B47-48D0-91FE-619EE3CAEF0A}"
EndProject
Project("{FAE04EC0-301F-11D3-BF4B-00C04F79EFBC}") = "SocialNotework.DataAccess", "SocialNotework.DataAccess\SocialNotework.DataAccess.csproj", "{E785A36B-3821-46C2-938F-E86E89843906}"
EndProject
Project("{FAE04EC0-301F-11D3-BF4B-00C04F79EFBC}") = "SocialNotework.Entities", "SocialNotework.Entities\SocialNotework.Entities.csproj", "{4C0544D6-4C01-4E58-AAF5-E911BCE5356D}"
EndProject
Project("{FAE04EC0-301F-11D3-BF4B-00C04F79EFBC}") = "SocialNotwork.WebAPI", "SocialNotwork.WebAPI\SocialNotwork.WebAPI.csproj", "{64DF2631-AF7D-41D8-99D1-2F3BB6FAB54C}"
EndProject
Global
	GlobalSection(SolutionConfigurationPlatforms) = preSolution
		Debug|Any CPU = Debug|Any CPU
		Release|Any CPU = Release|Any CPU
	EndGlobalSection
	GlobalSection(ProjectConfigurationPlatforms) = postSolution
		{28EC636A-B1E7-46FD-AD0D-54DAB88D67CA}.Debug|Any CPU.ActiveCfg = Debug|Any CPU
		{28EC636A-B1E7-46FD-AD0D-54DAB88D67CA}.Debug|Any CPU.Build.0 = Debug|Any CPU
		{28EC636A-B1E7-46FD-AD0D-54DAB88D67CA}.Release|Any CPU.ActiveCfg = Release|Any CPU
		{28EC636A-B1E7-46FD-AD0D-54DAB88D67CA}.Release|Any CPU.Build.0 = Release|Any CPU
		{517D3C2E-0B47-48D0-91FE-619EE3CAEF0A}.Debug|Any CPU.ActiveCfg = Debug|Any CPU
		{517D3C2E-0B47-48D0-91FE-619EE3CAEF0A}.Debug|Any CPU.Build.0 = Debug|Any CPU
		{517D3C2E-0B47-48D0-91FE-619EE3CAEF0A}.Release|Any CPU.ActiveCfg = Release|Any CPU
		{517D3C2E-0B47-48D0-91FE-619EE3CAEF0A}.Release|Any CPU.Build.0 = Release|Any CPU
		{E785A36B-3821-46C2-938F-E86E89843906}.Debug|Any CPU.ActiveCfg = Debug|Any CPU
		{E785A36B-3821-46C2-938F-E86E89843906}.Debug|Any CPU.Build.0 = Debug|Any CPU
		{E785A36B-3821-46C2-938F-E86E89843906}.Release|Any CPU.ActiveCfg = Release|Any CPU
		{E785A36B-3821-46C2-938F-E86E89843906}.Release|Any CPU.Build.0 = Release|Any CPU
		{4C0544D6-4C01-4E58-AAF5-E911BCE5356D}.Debug|Any CPU.ActiveCfg = Debug|Any CPU
		{4C0544D6-4C01-4E58-AAF5-E911BCE5356D}.Debug|Any CPU.Build.0 = Debug|Any CPU
		{4C0544D6-4C01-4E58-AAF5-E911BCE5356D}.Release|Any CPU.ActiveCfg = Release|Any CPU
		{4C0544D6-4C01-4E58-AAF5-E911BCE5356D}.Release|Any CPU.Build.0 = Release|Any CPU
		{64DF2631-AF7D-41D8-99D1-2F3BB6FAB54C}.Debug|Any CPU.ActiveCfg = Debug|Any CPU
		{64DF2631-AF7D-41D8-99D1-2F3BB6FAB54C}.Debug|Any CPU.Build.0 = Debug|Any CPU
		{64DF2631-AF7D-41D8-99D1-2F3BB6FAB54C}.Release|Any CPU.ActiveCfg = Release|Any CPU
		{64DF2631-AF7D-41D8-99D1-2F3BB6FAB54C}.Release|Any CPU.Build.0 = Release|Any CPU
	EndGlobalSection
	GlobalSection(SolutionProperties) = preSolution
		HideSolutionNode = FALSE
	EndGlobalSection
	GlobalSection(ExtensibilityGlobals) = postSolution
		SolutionGuid = {F5CE5D67-6959-4771-833C-25D72CD252DB}
	EndGlobalSection
EndGlobal
